
Microsoft Visual Studio Solution File, Format Version 12.00
Project("{FAE04EC0-301F-11D3-BF4B-00C04F79EFBC}") = "EFund.DAL", "EFund.DAL\EFund.DAL.csproj", "{1D8A5761-D5AF-4372-A3F0-44DE855374A5}"
EndProject
Project("{FAE04EC0-301F-11D3-BF4B-00C04F79EFBC}") = "EFund.BLL", "EFund.BLL\EFund.BLL.csproj", "{00787DB3-7292-478E-A697-AAC88C15CCCB}"
EndProject
Project("{FAE04EC0-301F-11D3-BF4B-00C04F79EFBC}") = "EFund.Common", "EFund.Common\EFund.Common.csproj", "{D86A0744-9CB8-44C6-AF81-310327D60524}"
EndProject
Project("{FAE04EC0-301F-11D3-BF4B-00C04F79EFBC}") = "EFund.WebAPI", "EFund.WebAPI\EFund.WebAPI.csproj", "{05892BCA-40AE-4F5E-A422-52F4BE183F56}"
EndProject
Project("{FAE04EC0-301F-11D3-BF4B-00C04F79EFBC}") = "EFund.Email", "EFund.Email\EFund.Email.csproj", "{9830E227-0DEB-4285-B3C8-4FE1BD222B4F}"
EndProject
Project("{FAE04EC0-301F-11D3-BF4B-00C04F79EFBC}") = "EFund.Hangfire", "EFund.Hangfire\EFund.Hangfire.csproj", "{C1F714B0-58BF-4125-960B-8121403606F8}"
EndProject
Project("{FAE04EC0-301F-11D3-BF4B-00C04F79EFBC}") = "EFund.Mapping", "EFund.Mapping\EFund.Mapping.csproj", "{FB38D00B-6049-464B-BE70-2ADFFEB457AC}"
EndProject
Project("{FAE04EC0-301F-11D3-BF4B-00C04F79EFBC}") = "EFund.Validation", "EFund.Validation\EFund.Validation.csproj", "{A6A7A871-8AED-4692-BBFF-D9B4D8D642AC}"
EndProject
Project("{2150E333-8FDC-42A3-9474-1A3956D46DE8}") = "clients", "clients", "{6FD42D02-F5C2-400F-B6AF-F3B6DFE48D90}"
EndProject
Project("{FAE04EC0-301F-11D3-BF4B-00C04F79EFBC}") = "EFund.Client.Monobank", "EFund.Client.Monobank\EFund.Client.Monobank.csproj", "{3BE40D8E-F0E8-4B8B-8078-8D1AB357795F}"
EndProject
Global
	GlobalSection(SolutionConfigurationPlatforms) = preSolution
		Debug|Any CPU = Debug|Any CPU
		Release|Any CPU = Release|Any CPU
	EndGlobalSection
	GlobalSection(ProjectConfigurationPlatforms) = postSolution
		{1D8A5761-D5AF-4372-A3F0-44DE855374A5}.Debug|Any CPU.ActiveCfg = Debug|Any CPU
		{1D8A5761-D5AF-4372-A3F0-44DE855374A5}.Debug|Any CPU.Build.0 = Debug|Any CPU
		{1D8A5761-D5AF-4372-A3F0-44DE855374A5}.Release|Any CPU.ActiveCfg = Release|Any CPU
		{1D8A5761-D5AF-4372-A3F0-44DE855374A5}.Release|Any CPU.Build.0 = Release|Any CPU
		{00787DB3-7292-478E-A697-AAC88C15CCCB}.Debug|Any CPU.ActiveCfg = Debug|Any CPU
		{00787DB3-7292-478E-A697-AAC88C15CCCB}.Debug|Any CPU.Build.0 = Debug|Any CPU
		{00787DB3-7292-478E-A697-AAC88C15CCCB}.Release|Any CPU.ActiveCfg = Release|Any CPU
		{00787DB3-7292-478E-A697-AAC88C15CCCB}.Release|Any CPU.Build.0 = Release|Any CPU
		{D86A0744-9CB8-44C6-AF81-310327D60524}.Debug|Any CPU.ActiveCfg = Debug|Any CPU
		{D86A0744-9CB8-44C6-AF81-310327D60524}.Debug|Any CPU.Build.0 = Debug|Any CPU
		{D86A0744-9CB8-44C6-AF81-310327D60524}.Release|Any CPU.ActiveCfg = Release|Any CPU
		{D86A0744-9CB8-44C6-AF81-310327D60524}.Release|Any CPU.Build.0 = Release|Any CPU
		{05892BCA-40AE-4F5E-A422-52F4BE183F56}.Debug|Any CPU.ActiveCfg = Debug|Any CPU
		{05892BCA-40AE-4F5E-A422-52F4BE183F56}.Debug|Any CPU.Build.0 = Debug|Any CPU
		{05892BCA-40AE-4F5E-A422-52F4BE183F56}.Release|Any CPU.ActiveCfg = Release|Any CPU
		{05892BCA-40AE-4F5E-A422-52F4BE183F56}.Release|Any CPU.Build.0 = Release|Any CPU
		{9830E227-0DEB-4285-B3C8-4FE1BD222B4F}.Debug|Any CPU.ActiveCfg = Debug|Any CPU
		{9830E227-0DEB-4285-B3C8-4FE1BD222B4F}.Debug|Any CPU.Build.0 = Debug|Any CPU
		{9830E227-0DEB-4285-B3C8-4FE1BD222B4F}.Release|Any CPU.ActiveCfg = Release|Any CPU
		{9830E227-0DEB-4285-B3C8-4FE1BD222B4F}.Release|Any CPU.Build.0 = Release|Any CPU
		{C1F714B0-58BF-4125-960B-8121403606F8}.Debug|Any CPU.ActiveCfg = Debug|Any CPU
		{C1F714B0-58BF-4125-960B-8121403606F8}.Debug|Any CPU.Build.0 = Debug|Any CPU
		{C1F714B0-58BF-4125-960B-8121403606F8}.Release|Any CPU.ActiveCfg = Release|Any CPU
		{C1F714B0-58BF-4125-960B-8121403606F8}.Release|Any CPU.Build.0 = Release|Any CPU
		{FB38D00B-6049-464B-BE70-2ADFFEB457AC}.Debug|Any CPU.ActiveCfg = Debug|Any CPU
		{FB38D00B-6049-464B-BE70-2ADFFEB457AC}.Debug|Any CPU.Build.0 = Debug|Any CPU
		{FB38D00B-6049-464B-BE70-2ADFFEB457AC}.Release|Any CPU.ActiveCfg = Release|Any CPU
		{FB38D00B-6049-464B-BE70-2ADFFEB457AC}.Release|Any CPU.Build.0 = Release|Any CPU
		{A6A7A871-8AED-4692-BBFF-D9B4D8D642AC}.Debug|Any CPU.ActiveCfg = Debug|Any CPU
		{A6A7A871-8AED-4692-BBFF-D9B4D8D642AC}.Debug|Any CPU.Build.0 = Debug|Any CPU
		{A6A7A871-8AED-4692-BBFF-D9B4D8D642AC}.Release|Any CPU.ActiveCfg = Release|Any CPU
		{A6A7A871-8AED-4692-BBFF-D9B4D8D642AC}.Release|Any CPU.Build.0 = Release|Any CPU
		{3BE40D8E-F0E8-4B8B-8078-8D1AB357795F}.Debug|Any CPU.ActiveCfg = Debug|Any CPU
		{3BE40D8E-F0E8-4B8B-8078-8D1AB357795F}.Debug|Any CPU.Build.0 = Debug|Any CPU
		{3BE40D8E-F0E8-4B8B-8078-8D1AB357795F}.Release|Any CPU.ActiveCfg = Release|Any CPU
		{3BE40D8E-F0E8-4B8B-8078-8D1AB357795F}.Release|Any CPU.Build.0 = Release|Any CPU
	EndGlobalSection
	GlobalSection(NestedProjects) = preSolution
		{3BE40D8E-F0E8-4B8B-8078-8D1AB357795F} = {6FD42D02-F5C2-400F-B6AF-F3B6DFE48D90}
	EndGlobalSection
EndGlobal
